
Microsoft Visual Studio Solution File, Format Version 12.00
# Visual Studio 14
VisualStudioVersion = 14.0.25420.1
MinimumVisualStudioVersion = 10.0.40219.1
Project("{FAE04EC0-301F-11D3-BF4B-00C04F79EFBC}") = "GUI", "GUI\GUI.csproj", "{03FF2D88-EC0B-4996-9DF1-7B22BDF41002}"
	ProjectSection(ProjectDependencies) = postProject
		{5330EB25-E6D5-4FB9-92F8-AFD0D67D354A} = {5330EB25-E6D5-4FB9-92F8-AFD0D67D354A}
	EndProjectSection
EndProject
Project("{FAE04EC0-301F-11D3-BF4B-00C04F79EFBC}") = "Core", "Core\Core.csproj", "{4D1DC118-24B5-45F4-A86A-7D419D9B8340}"
EndProject
Project("{FAE04EC0-301F-11D3-BF4B-00C04F79EFBC}") = "Cpp", "Cpp\Cpp.csproj", "{DC04D6A0-269F-4C51-8F6B-F396D31B6BB6}"
EndProject
Project("{FAE04EC0-301F-11D3-BF4B-00C04F79EFBC}") = "CSharp", "CSharp\CSharp.csproj", "{BA1AE885-D8B4-44C9-B4C0-5C093C1CF7F0}"
EndProject
Project("{FAE04EC0-301F-11D3-BF4B-00C04F79EFBC}") = "Decompile", "Decompile\Decompile.csproj", "{18ADFE7E-EA97-4EE1-812A-CC07018BC8B8}"
EndProject
Project("{FAE04EC0-301F-11D3-BF4B-00C04F79EFBC}") = "DGML", "DGML\DGML.csproj", "{FCE94F81-4AEE-4D9F-BB99-C3FE05BFF170}"
EndProject
Project("{FAE04EC0-301F-11D3-BF4B-00C04F79EFBC}") = "VBasic", "VBasic\VBasic.csproj", "{81B48A82-3C0B-416A-95D1-1EAEC5FCCD95}"
EndProject
Project("{FAE04EC0-301F-11D3-BF4B-00C04F79EFBC}") = "Console", "Console\Console.csproj", "{240EA70D-F0EB-4DB1-A320-CA410DB79227}"
	ProjectSection(ProjectDependencies) = postProject
		{5330EB25-E6D5-4FB9-92F8-AFD0D67D354A} = {5330EB25-E6D5-4FB9-92F8-AFD0D67D354A}
	EndProjectSection
EndProject
Project("{FAE04EC0-301F-11D3-BF4B-00C04F79EFBC}") = "DoxygenXml", "DoxygenXml\DoxygenXml.csproj", "{5330EB25-E6D5-4FB9-92F8-AFD0D67D354A}"
EndProject
Global
	GlobalSection(SolutionConfigurationPlatforms) = preSolution
		Debug|Any CPU = Debug|Any CPU
		Release|Any CPU = Release|Any CPU
	EndGlobalSection
	GlobalSection(ProjectConfigurationPlatforms) = postSolution
		{03FF2D88-EC0B-4996-9DF1-7B22BDF41002}.Debug|Any CPU.ActiveCfg = Debug|Any CPU
		{03FF2D88-EC0B-4996-9DF1-7B22BDF41002}.Debug|Any CPU.Build.0 = Debug|Any CPU
		{03FF2D88-EC0B-4996-9DF1-7B22BDF41002}.Release|Any CPU.ActiveCfg = Release|Any CPU
		{03FF2D88-EC0B-4996-9DF1-7B22BDF41002}.Release|Any CPU.Build.0 = Release|Any CPU
		{4D1DC118-24B5-45F4-A86A-7D419D9B8340}.Debug|Any CPU.ActiveCfg = Debug|Any CPU
		{4D1DC118-24B5-45F4-A86A-7D419D9B8340}.Debug|Any CPU.Build.0 = Debug|Any CPU
		{4D1DC118-24B5-45F4-A86A-7D419D9B8340}.Release|Any CPU.ActiveCfg = Release|Any CPU
		{4D1DC118-24B5-45F4-A86A-7D419D9B8340}.Release|Any CPU.Build.0 = Release|Any CPU
		{DC04D6A0-269F-4C51-8F6B-F396D31B6BB6}.Debug|Any CPU.ActiveCfg = Debug|Any CPU
		{DC04D6A0-269F-4C51-8F6B-F396D31B6BB6}.Debug|Any CPU.Build.0 = Debug|Any CPU
		{DC04D6A0-269F-4C51-8F6B-F396D31B6BB6}.Release|Any CPU.ActiveCfg = Release|Any CPU
		{DC04D6A0-269F-4C51-8F6B-F396D31B6BB6}.Release|Any CPU.Build.0 = Release|Any CPU
		{BA1AE885-D8B4-44C9-B4C0-5C093C1CF7F0}.Debug|Any CPU.ActiveCfg = Debug|Any CPU
		{BA1AE885-D8B4-44C9-B4C0-5C093C1CF7F0}.Debug|Any CPU.Build.0 = Debug|Any CPU
		{BA1AE885-D8B4-44C9-B4C0-5C093C1CF7F0}.Release|Any CPU.ActiveCfg = Release|Any CPU
		{BA1AE885-D8B4-44C9-B4C0-5C093C1CF7F0}.Release|Any CPU.Build.0 = Release|Any CPU
		{18ADFE7E-EA97-4EE1-812A-CC07018BC8B8}.Debug|Any CPU.ActiveCfg = Debug|Any CPU
		{18ADFE7E-EA97-4EE1-812A-CC07018BC8B8}.Debug|Any CPU.Build.0 = Debug|Any CPU
		{18ADFE7E-EA97-4EE1-812A-CC07018BC8B8}.Release|Any CPU.ActiveCfg = Release|Any CPU
		{18ADFE7E-EA97-4EE1-812A-CC07018BC8B8}.Release|Any CPU.Build.0 = Release|Any CPU
		{FCE94F81-4AEE-4D9F-BB99-C3FE05BFF170}.Debug|Any CPU.ActiveCfg = Debug|Any CPU
		{FCE94F81-4AEE-4D9F-BB99-C3FE05BFF170}.Debug|Any CPU.Build.0 = Debug|Any CPU
		{FCE94F81-4AEE-4D9F-BB99-C3FE05BFF170}.Release|Any CPU.ActiveCfg = Release|Any CPU
		{FCE94F81-4AEE-4D9F-BB99-C3FE05BFF170}.Release|Any CPU.Build.0 = Release|Any CPU
		{81B48A82-3C0B-416A-95D1-1EAEC5FCCD95}.Debug|Any CPU.ActiveCfg = Debug|Any CPU
		{81B48A82-3C0B-416A-95D1-1EAEC5FCCD95}.Debug|Any CPU.Build.0 = Debug|Any CPU
		{81B48A82-3C0B-416A-95D1-1EAEC5FCCD95}.Release|Any CPU.ActiveCfg = Release|Any CPU
		{81B48A82-3C0B-416A-95D1-1EAEC5FCCD95}.Release|Any CPU.Build.0 = Release|Any CPU
		{240EA70D-F0EB-4DB1-A320-CA410DB79227}.Debug|Any CPU.ActiveCfg = Debug|Any CPU
		{240EA70D-F0EB-4DB1-A320-CA410DB79227}.Debug|Any CPU.Build.0 = Debug|Any CPU
		{240EA70D-F0EB-4DB1-A320-CA410DB79227}.Release|Any CPU.ActiveCfg = Release|Any CPU
		{240EA70D-F0EB-4DB1-A320-CA410DB79227}.Release|Any CPU.Build.0 = Release|Any CPU
		{5330EB25-E6D5-4FB9-92F8-AFD0D67D354A}.Debug|Any CPU.ActiveCfg = Debug|Any CPU
		{5330EB25-E6D5-4FB9-92F8-AFD0D67D354A}.Debug|Any CPU.Build.0 = Debug|Any CPU
		{5330EB25-E6D5-4FB9-92F8-AFD0D67D354A}.Release|Any CPU.ActiveCfg = Release|Any CPU
		{5330EB25-E6D5-4FB9-92F8-AFD0D67D354A}.Release|Any CPU.Build.0 = Release|Any CPU
	EndGlobalSection
	GlobalSection(SolutionProperties) = preSolution
		HideSolutionNode = FALSE
	EndGlobalSection
EndGlobal
